
Microsoft Visual Studio Solution File, Format Version 12.00
# Visual Studio Version 16
VisualStudioVersion = 16.0.32002.261
MinimumVisualStudioVersion = 10.0.40219.1
Project("{FAE04EC0-301F-11D3-BF4B-00C04F79EFBC}") = "Lab16.2Wpf", "Lab16.2Wpf\Lab16.2Wpf.csproj", "{CA20761E-D021-48FF-A49F-22907ECC50FA}"
EndProject
Global
	GlobalSection(SolutionConfigurationPlatforms) = preSolution
		Debug|Any CPU = Debug|Any CPU
		Release|Any CPU = Release|Any CPU
	EndGlobalSection
	GlobalSection(ProjectConfigurationPlatforms) = postSolution
		{CA20761E-D021-48FF-A49F-22907ECC50FA}.Debug|Any CPU.ActiveCfg = Debug|Any CPU
		{CA20761E-D021-48FF-A49F-22907ECC50FA}.Debug|Any CPU.Build.0 = Debug|Any CPU
		{CA20761E-D021-48FF-A49F-22907ECC50FA}.Release|Any CPU.ActiveCfg = Release|Any CPU
		{CA20761E-D021-48FF-A49F-22907ECC50FA}.Release|Any CPU.Build.0 = Release|Any CPU
	EndGlobalSection
	GlobalSection(SolutionProperties) = preSolution
		HideSolutionNode = FALSE
	EndGlobalSection
	GlobalSection(ExtensibilityGlobals) = postSolution
		SolutionGuid = {1D2F8B54-B398-4948-A31B-51CD18A90F60}
	EndGlobalSection
EndGlobal
